
Microsoft Visual Studio Solution File, Format Version 12.00
# Visual Studio Version 17
VisualStudioVersion = 17.5.33424.131
MinimumVisualStudioVersion = 10.0.40219.1
Project("{9A19103F-16F7-4668-BE54-9A1E7A4F7556}") = "Travel.Business", "Travel.Business\Travel.Business.csproj", "{0F0CDE57-8CA7-4A8F-993C-F5049E94DD22}"
EndProject
Project("{9A19103F-16F7-4668-BE54-9A1E7A4F7556}") = "Travel.Entities", "Travel.Entities\Travel.Entities.csproj", "{2B0FBA12-A027-4A6B-9A13-DCAF19FE43CC}"
EndProject
Project("{9A19103F-16F7-4668-BE54-9A1E7A4F7556}") = "Travel.Connections", "Travel.Connections\Travel.Connections.csproj", "{A6101ADD-1552-42F6-8BA0-23E53C91AEF8}"
EndProject
Project("{9A19103F-16F7-4668-BE54-9A1E7A4F7556}") = "Travel.Web", "Travel.Web\Travel.Web.csproj", "{3524967D-2413-44BA-B4F6-0515BD8DF450}"
EndProject
Project("{FAE04EC0-301F-11D3-BF4B-00C04F79EFBC}") = "Travel.Test", "Travel.Test\Travel.Test.csproj", "{01B62128-1B04-4ADE-AC0F-72F78339613C}"
EndProject
Global
	GlobalSection(SolutionConfigurationPlatforms) = preSolution
		Debug|Any CPU = Debug|Any CPU
		Release|Any CPU = Release|Any CPU
	EndGlobalSection
	GlobalSection(ProjectConfigurationPlatforms) = postSolution
		{0F0CDE57-8CA7-4A8F-993C-F5049E94DD22}.Debug|Any CPU.ActiveCfg = Debug|Any CPU
		{0F0CDE57-8CA7-4A8F-993C-F5049E94DD22}.Debug|Any CPU.Build.0 = Debug|Any CPU
		{0F0CDE57-8CA7-4A8F-993C-F5049E94DD22}.Release|Any CPU.ActiveCfg = Release|Any CPU
		{0F0CDE57-8CA7-4A8F-993C-F5049E94DD22}.Release|Any CPU.Build.0 = Release|Any CPU
		{2B0FBA12-A027-4A6B-9A13-DCAF19FE43CC}.Debug|Any CPU.ActiveCfg = Debug|Any CPU
		{2B0FBA12-A027-4A6B-9A13-DCAF19FE43CC}.Debug|Any CPU.Build.0 = Debug|Any CPU
		{2B0FBA12-A027-4A6B-9A13-DCAF19FE43CC}.Release|Any CPU.ActiveCfg = Release|Any CPU
		{2B0FBA12-A027-4A6B-9A13-DCAF19FE43CC}.Release|Any CPU.Build.0 = Release|Any CPU
		{A6101ADD-1552-42F6-8BA0-23E53C91AEF8}.Debug|Any CPU.ActiveCfg = Debug|Any CPU
		{A6101ADD-1552-42F6-8BA0-23E53C91AEF8}.Debug|Any CPU.Build.0 = Debug|Any CPU
		{A6101ADD-1552-42F6-8BA0-23E53C91AEF8}.Release|Any CPU.ActiveCfg = Release|Any CPU
		{A6101ADD-1552-42F6-8BA0-23E53C91AEF8}.Release|Any CPU.Build.0 = Release|Any CPU
		{3524967D-2413-44BA-B4F6-0515BD8DF450}.Debug|Any CPU.ActiveCfg = Debug|Any CPU
		{3524967D-2413-44BA-B4F6-0515BD8DF450}.Debug|Any CPU.Build.0 = Debug|Any CPU
		{3524967D-2413-44BA-B4F6-0515BD8DF450}.Release|Any CPU.ActiveCfg = Release|Any CPU
		{3524967D-2413-44BA-B4F6-0515BD8DF450}.Release|Any CPU.Build.0 = Release|Any CPU
		{01B62128-1B04-4ADE-AC0F-72F78339613C}.Debug|Any CPU.ActiveCfg = Debug|Any CPU
		{01B62128-1B04-4ADE-AC0F-72F78339613C}.Debug|Any CPU.Build.0 = Debug|Any CPU
		{01B62128-1B04-4ADE-AC0F-72F78339613C}.Release|Any CPU.ActiveCfg = Release|Any CPU
		{01B62128-1B04-4ADE-AC0F-72F78339613C}.Release|Any CPU.Build.0 = Release|Any CPU
	EndGlobalSection
	GlobalSection(SolutionProperties) = preSolution
		HideSolutionNode = FALSE
	EndGlobalSection
	GlobalSection(ExtensibilityGlobals) = postSolution
		SolutionGuid = {E82E8626-6F8D-44EF-988F-2B6EA1AED585}
	EndGlobalSection
EndGlobal
